
Microsoft Visual Studio Solution File, Format Version 12.00
# Visual Studio Version 17
VisualStudioVersion = 17.0.31903.59
MinimumVisualStudioVersion = 10.0.40219.1
Project("{2150E333-8FDC-42A3-9474-1A3956D46DE8}") = "src", "src", "{5EE00E47-7F0D-4085-A58B-9FF9AE3A63D1}"
EndProject
Project("{FAE04EC0-301F-11D3-BF4B-00C04F79EFBC}") = "MotocrossTracker.API", "src\API\MotocrossTracker.API.csproj", "{203CF279-7D3C-4BB8-9E50-059F53EF44C3}"
EndProject
Project("{2150E333-8FDC-42A3-9474-1A3956D46DE8}") = "tests", "tests", "{D8422EE2-D765-4C7A-AE14-3F49C02E14F2}"
EndProject
Project("{FAE04EC0-301F-11D3-BF4B-00C04F79EFBC}") = "MotocrossTracker.UnitTests", "tests\UnitTests\MotocrossTracker.UnitTests.csproj", "{B48BFD21-2C87-4818-A84E-5EF4C2015082}"
EndProject
Global
	GlobalSection(SolutionConfigurationPlatforms) = preSolution
		Debug|Any CPU = Debug|Any CPU
		Release|Any CPU = Release|Any CPU
	EndGlobalSection
	GlobalSection(SolutionProperties) = preSolution
		HideSolutionNode = FALSE
	EndGlobalSection
	GlobalSection(ProjectConfigurationPlatforms) = postSolution
		{203CF279-7D3C-4BB8-9E50-059F53EF44C3}.Debug|Any CPU.ActiveCfg = Debug|Any CPU
		{203CF279-7D3C-4BB8-9E50-059F53EF44C3}.Debug|Any CPU.Build.0 = Debug|Any CPU
		{203CF279-7D3C-4BB8-9E50-059F53EF44C3}.Release|Any CPU.ActiveCfg = Release|Any CPU
		{203CF279-7D3C-4BB8-9E50-059F53EF44C3}.Release|Any CPU.Build.0 = Release|Any CPU
		{B48BFD21-2C87-4818-A84E-5EF4C2015082}.Debug|Any CPU.ActiveCfg = Debug|Any CPU
		{B48BFD21-2C87-4818-A84E-5EF4C2015082}.Debug|Any CPU.Build.0 = Debug|Any CPU
		{B48BFD21-2C87-4818-A84E-5EF4C2015082}.Release|Any CPU.ActiveCfg = Release|Any CPU
		{B48BFD21-2C87-4818-A84E-5EF4C2015082}.Release|Any CPU.Build.0 = Release|Any CPU
	EndGlobalSection
	GlobalSection(NestedProjects) = preSolution
		{203CF279-7D3C-4BB8-9E50-059F53EF44C3} = {5EE00E47-7F0D-4085-A58B-9FF9AE3A63D1}
		{B48BFD21-2C87-4818-A84E-5EF4C2015082} = {D8422EE2-D765-4C7A-AE14-3F49C02E14F2}
	EndGlobalSection
EndGlobal
